
Microsoft Visual Studio Solution File, Format Version 12.00
# Visual Studio Version 17
VisualStudioVersion = 17.0.32014.148
MinimumVisualStudioVersion = 10.0.40219.1
Project("{9A19103F-16F7-4668-BE54-9A1E7A4F7556}") = "AptManagement", "AptManagement\AptManagement.csproj", "{D2B1A0B9-0C7E-43B2-B367-02E94C887053}"
EndProject
Global
	GlobalSection(SolutionConfigurationPlatforms) = preSolution
		Debug|Any CPU = Debug|Any CPU
		Release|Any CPU = Release|Any CPU
	EndGlobalSection
	GlobalSection(ProjectConfigurationPlatforms) = postSolution
		{D2B1A0B9-0C7E-43B2-B367-02E94C887053}.Debug|Any CPU.ActiveCfg = Debug|Any CPU
		{D2B1A0B9-0C7E-43B2-B367-02E94C887053}.Debug|Any CPU.Build.0 = Debug|Any CPU
		{D2B1A0B9-0C7E-43B2-B367-02E94C887053}.Release|Any CPU.ActiveCfg = Release|Any CPU
		{D2B1A0B9-0C7E-43B2-B367-02E94C887053}.Release|Any CPU.Build.0 = Release|Any CPU
	EndGlobalSection
	GlobalSection(SolutionProperties) = preSolution
		HideSolutionNode = FALSE
	EndGlobalSection
	GlobalSection(ExtensibilityGlobals) = postSolution
		SolutionGuid = {385E4959-20B6-41D2-BD9A-BD16877174A3}
	EndGlobalSection
EndGlobal
